{
  "name": "ix-libs",
  "version": "18.0.0",
  "lockfileVersion": 3,
  "requires": true,
  "packages": {
    "": {
      "name": "ix-libs",
      "version": "18.0.0",
      "license": "MIT",
      "dependencies": {
        "filesize": "^10.1.2"
      },
      "peerDependencies": {
        "@angular-material-components/color-picker": "^7.0.1",
        "@angular/animations": "^18.0.0",
        "@angular/cdk": "^18.0.0",
        "@angular/cli": "^17.0.0",
        "@angular/common": "^18.0.0",
        "@angular/compiler": "^18.0.0",
        "@angular/core": "^18.0.0",
        "@angular/forms": "^18.0.0",
        "@angular/material": "^18.0.0",
        "@angular/platform-browser": "^18.0.0",
        "@angular/platform-browser-dynamic": "^18.0.0",
        "rxjs": "^7.8.0",
        "tslib": "^2.3.1"
      }
    },
    "node_modules/filesize": {
      "version": "10.1.2",
      "resolved": "https://registry.npmjs.org/filesize/-/filesize-10.1.2.tgz",
      "integrity": "sha512-Dx770ai81ohflojxhU+oG+Z2QGvKdYxgEr9OSA8UVrqhwNHjfH9A8f5NKfg83fEH8ZFA5N5llJo5T3PIoZ4CRA==",
      "engines": {
        "node": ">= 10.4.0"
      }
    }
  }
}
